// !$*UTF8*$!
{
	archiveVersion = 1;
	classes = {
	};
	objectVersion = 56;
	objects = {

/* Begin PBXBuildFile section */
		4304ECE42AE4848F0000D2FA /* ContextMenuView.swift in Sources */ = {isa = PBXBuildFile; fileRef = 4304ECE32AE4848F0000D2FA /* ContextMenuView.swift */; };
		4304ECE72AE4A5740000D2FA /* AddViewModel.swift in Sources */ = {isa = PBXBuildFile; fileRef = 4304ECE62AE4A5740000D2FA /* AddViewModel.swift */; };
		4304ECEB2AE4A7280000D2FA /* SettingsView.swift in Sources */ = {isa = PBXBuildFile; fileRef = 4304ECEA2AE4A7280000D2FA /* SettingsView.swift */; };
		4316E35F2AF018F2004296BB /* EditViewModel.swift in Sources */ = {isa = PBXBuildFile; fileRef = 4316E35E2AF018F2004296BB /* EditViewModel.swift */; };
		4317050D2AF47DEC0008F508 /* Kingfisher in Frameworks */ = {isa = PBXBuildFile; productRef = 4317050C2AF47DEC0008F508 /* Kingfisher */; };
		4317050F2AF681D30008F508 /* MimView.swift in Sources */ = {isa = PBXBuildFile; fileRef = 4317050E2AF681D30008F508 /* MimView.swift */; };
		43571F532AE51638009CB825 /* EditView.swift in Sources */ = {isa = PBXBuildFile; fileRef = 43571F522AE51638009CB825 /* EditView.swift */; };
		43571F602AE58FF2009CB825 /* MainViewModel.swift in Sources */ = {isa = PBXBuildFile; fileRef = 43571F5F2AE58FF2009CB825 /* MainViewModel.swift */; };
		43571F622AE6C004009CB825 /* ContentViewModel.swift in Sources */ = {isa = PBXBuildFile; fileRef = 43571F612AE6C004009CB825 /* ContentViewModel.swift */; };
		4367714C2AF916DF00EC883A /* MimOverlayView.swift in Sources */ = {isa = PBXBuildFile; fileRef = 4367714B2AF916DF00EC883A /* MimOverlayView.swift */; };
		436F30DD2AE9406B0056CFDD /* SettingsViewModel.swift in Sources */ = {isa = PBXBuildFile; fileRef = 436F30DC2AE9406B0056CFDD /* SettingsViewModel.swift */; };
		4370FF432AEAD3170038F609 /* ToolEnum.swift in Sources */ = {isa = PBXBuildFile; fileRef = 4370FF422AEAD3170038F609 /* ToolEnum.swift */; };
		438200AB2AF039C00071B1B0 /* PlayerView.swift in Sources */ = {isa = PBXBuildFile; fileRef = 438200AA2AF039C00071B1B0 /* PlayerView.swift */; };
		4386013E2AF8068E00B54464 /* MimVideoView.swift in Sources */ = {isa = PBXBuildFile; fileRef = 4386013D2AF8068E00B54464 /* MimVideoView.swift */; };
		4387B1442B026F8200B728C7 /* AlertKit in Frameworks */ = {isa = PBXBuildFile; productRef = 4387B1432B026F8200B728C7 /* AlertKit */; };
		4387B1472B028D5200B728C7 /* AppError.swift in Sources */ = {isa = PBXBuildFile; fileRef = 4387B1462B028D5200B728C7 /* AppError.swift */; };
		4387B14A2B02DFF400B728C7 /* TimelineSliderView.swift in Sources */ = {isa = PBXBuildFile; fileRef = 4387B1492B02DFF400B728C7 /* TimelineSliderView.swift */; };
		4389359F2AE40C0200C51516 /* HomeView.swift in Sources */ = {isa = PBXBuildFile; fileRef = 4389359E2AE40C0200C51516 /* HomeView.swift */; };
		438935A12AE40D5000C51516 /* FavouriteView.swift in Sources */ = {isa = PBXBuildFile; fileRef = 438935A02AE40D5000C51516 /* FavouriteView.swift */; };
		438935A42AE41F5400C51516 /* CustomTabView.swift in Sources */ = {isa = PBXBuildFile; fileRef = 438935A32AE41F5400C51516 /* CustomTabView.swift */; };
		438935AA2AE4446D00C51516 /* AddButton.swift in Sources */ = {isa = PBXBuildFile; fileRef = 438935A92AE4446D00C51516 /* AddButton.swift */; };
		4389DE0C2AFBDFB800FD41DB /* CoreVideo.xcdatamodeld in Sources */ = {isa = PBXBuildFile; fileRef = 4389DE0A2AFBDFB800FD41DB /* CoreVideo.xcdatamodeld */; };
		4389DE122AFBE08C00FD41DB /* FavouriteContainer.swift in Sources */ = {isa = PBXBuildFile; fileRef = 4389DE112AFBE08C00FD41DB /* FavouriteContainer.swift */; };
		43D27F162AE2AD0700A97AE8 /* MimXApp.swift in Sources */ = {isa = PBXBuildFile; fileRef = 43D27F152AE2AD0700A97AE8 /* MimXApp.swift */; };
		43D27F182AE2AD0700A97AE8 /* ContentView.swift in Sources */ = {isa = PBXBuildFile; fileRef = 43D27F172AE2AD0700A97AE8 /* ContentView.swift */; };
		43D27F1A2AE2AD0700A97AE8 /* Video.swift in Sources */ = {isa = PBXBuildFile; fileRef = 43D27F192AE2AD0700A97AE8 /* Video.swift */; };
		43D27F1C2AE2AD0900A97AE8 /* Assets.xcassets in Resources */ = {isa = PBXBuildFile; fileRef = 43D27F1B2AE2AD0900A97AE8 /* Assets.xcassets */; };
		43D27F1F2AE2AD0900A97AE8 /* Preview Assets.xcassets in Resources */ = {isa = PBXBuildFile; fileRef = 43D27F1E2AE2AD0900A97AE8 /* Preview Assets.xcassets */; };
		43D27F272AE2FCF000A97AE8 /* GoogleService-Info.plist in Resources */ = {isa = PBXBuildFile; fileRef = 43D27F262AE2FCF000A97AE8 /* GoogleService-Info.plist */; };
		43D27F3C2AE2FD4500A97AE8 /* FirebaseDatabase in Frameworks */ = {isa = PBXBuildFile; productRef = 43D27F3B2AE2FD4500A97AE8 /* FirebaseDatabase */; };
		43D27F3E2AE2FD4500A97AE8 /* FirebaseDatabaseSwift in Frameworks */ = {isa = PBXBuildFile; productRef = 43D27F3D2AE2FD4500A97AE8 /* FirebaseDatabaseSwift */; };
		43D27F422AE2FD4500A97AE8 /* FirebaseFirestore in Frameworks */ = {isa = PBXBuildFile; productRef = 43D27F412AE2FD4500A97AE8 /* FirebaseFirestore */; };
		43D27F462AE2FD4500A97AE8 /* FirebaseFirestoreSwift in Frameworks */ = {isa = PBXBuildFile; productRef = 43D27F452AE2FD4500A97AE8 /* FirebaseFirestoreSwift */; };
		43D27F5C2AE2FD4600A97AE8 /* FirebaseStorage in Frameworks */ = {isa = PBXBuildFile; productRef = 43D27F5B2AE2FD4600A97AE8 /* FirebaseStorage */; };
		43FF91702AFC2A610056B64F /* FavouriteVideos+CoreDataClass.swift in Sources */ = {isa = PBXBuildFile; fileRef = 43FF916E2AFC2A610056B64F /* FavouriteVideos+CoreDataClass.swift */; };
		43FF91712AFC2A610056B64F /* FavouriteVideos+CoreDataProperties.swift in Sources */ = {isa = PBXBuildFile; fileRef = 43FF916F2AFC2A610056B64F /* FavouriteVideos+CoreDataProperties.swift */; };
		43FF91732AFC558A0056B64F /* FavouriteOverlayView.swift in Sources */ = {isa = PBXBuildFile; fileRef = 43FF91722AFC558A0056B64F /* FavouriteOverlayView.swift */; };
		43FF91752B0004510056B64F /* CRUDManager.swift in Sources */ = {isa = PBXBuildFile; fileRef = 43FF91742B0004510056B64F /* CRUDManager.swift */; };
		43FF91772B0149030056B64F /* VideoCacheManager.swift in Sources */ = {isa = PBXBuildFile; fileRef = 43FF91762B0149030056B64F /* VideoCacheManager.swift */; };
		43FF91792B0174F40056B64F /* FileManager+Extension.swift in Sources */ = {isa = PBXBuildFile; fileRef = 43FF91782B0174F40056B64F /* FileManager+Extension.swift */; };
/* End PBXBuildFile section */

/* Begin PBXFileReference section */
		4304ECE32AE4848F0000D2FA /* ContextMenuView.swift */ = {isa = PBXFileReference; lastKnownFileType = sourcecode.swift; path = ContextMenuView.swift; sourceTree = "<group>"; };
		4304ECE62AE4A5740000D2FA /* AddViewModel.swift */ = {isa = PBXFileReference; lastKnownFileType = sourcecode.swift; path = AddViewModel.swift; sourceTree = "<group>"; };
		4304ECEA2AE4A7280000D2FA /* SettingsView.swift */ = {isa = PBXFileReference; lastKnownFileType = sourcecode.swift; path = SettingsView.swift; sourceTree = "<group>"; };
		4316E35E2AF018F2004296BB /* EditViewModel.swift */ = {isa = PBXFileReference; lastKnownFileType = sourcecode.swift; path = EditViewModel.swift; sourceTree = "<group>"; };
		4317050E2AF681D30008F508 /* MimView.swift */ = {isa = PBXFileReference; lastKnownFileType = sourcecode.swift; path = MimView.swift; sourceTree = "<group>"; };
		43571F522AE51638009CB825 /* EditView.swift */ = {isa = PBXFileReference; lastKnownFileType = sourcecode.swift; path = EditView.swift; sourceTree = "<group>"; };
		43571F5F2AE58FF2009CB825 /* MainViewModel.swift */ = {isa = PBXFileReference; lastKnownFileType = sourcecode.swift; path = MainViewModel.swift; sourceTree = "<group>"; };
		43571F612AE6C004009CB825 /* ContentViewModel.swift */ = {isa = PBXFileReference; lastKnownFileType = sourcecode.swift; path = ContentViewModel.swift; sourceTree = "<group>"; };
		4367714B2AF916DF00EC883A /* MimOverlayView.swift */ = {isa = PBXFileReference; lastKnownFileType = sourcecode.swift; path = MimOverlayView.swift; sourceTree = "<group>"; };
		436F30DC2AE9406B0056CFDD /* SettingsViewModel.swift */ = {isa = PBXFileReference; lastKnownFileType = sourcecode.swift; path = SettingsViewModel.swift; sourceTree = "<group>"; };
		4370FF422AEAD3170038F609 /* ToolEnum.swift */ = {isa = PBXFileReference; lastKnownFileType = sourcecode.swift; path = ToolEnum.swift; sourceTree = "<group>"; };
		438200AA2AF039C00071B1B0 /* PlayerView.swift */ = {isa = PBXFileReference; lastKnownFileType = sourcecode.swift; path = PlayerView.swift; sourceTree = "<group>"; };
		4386013D2AF8068E00B54464 /* MimVideoView.swift */ = {isa = PBXFileReference; lastKnownFileType = sourcecode.swift; path = MimVideoView.swift; sourceTree = "<group>"; };
		4387B1462B028D5200B728C7 /* AppError.swift */ = {isa = PBXFileReference; lastKnownFileType = sourcecode.swift; path = AppError.swift; sourceTree = "<group>"; };
		4387B1492B02DFF400B728C7 /* TimelineSliderView.swift */ = {isa = PBXFileReference; lastKnownFileType = sourcecode.swift; path = TimelineSliderView.swift; sourceTree = "<group>"; };
		4389359E2AE40C0200C51516 /* HomeView.swift */ = {isa = PBXFileReference; lastKnownFileType = sourcecode.swift; path = HomeView.swift; sourceTree = "<group>"; };
		438935A02AE40D5000C51516 /* FavouriteView.swift */ = {isa = PBXFileReference; lastKnownFileType = sourcecode.swift; path = FavouriteView.swift; sourceTree = "<group>"; };
		438935A32AE41F5400C51516 /* CustomTabView.swift */ = {isa = PBXFileReference; lastKnownFileType = sourcecode.swift; path = CustomTabView.swift; sourceTree = "<group>"; };
		438935A92AE4446D00C51516 /* AddButton.swift */ = {isa = PBXFileReference; lastKnownFileType = sourcecode.swift; path = AddButton.swift; sourceTree = "<group>"; };
		4389DE0B2AFBDFB800FD41DB /* LocalDB.xcdatamodel */ = {isa = PBXFileReference; lastKnownFileType = wrapper.xcdatamodel; path = LocalDB.xcdatamodel; sourceTree = "<group>"; };
		4389DE112AFBE08C00FD41DB /* FavouriteContainer.swift */ = {isa = PBXFileReference; lastKnownFileType = sourcecode.swift; path = FavouriteContainer.swift; sourceTree = "<group>"; };
		43D27F122AE2AD0700A97AE8 /* MimX.app */ = {isa = PBXFileReference; explicitFileType = wrapper.application; includeInIndex = 0; path = MimX.app; sourceTree = BUILT_PRODUCTS_DIR; };
		43D27F152AE2AD0700A97AE8 /* MimXApp.swift */ = {isa = PBXFileReference; lastKnownFileType = sourcecode.swift; path = MimXApp.swift; sourceTree = "<group>"; };
		43D27F172AE2AD0700A97AE8 /* ContentView.swift */ = {isa = PBXFileReference; lastKnownFileType = sourcecode.swift; path = ContentView.swift; sourceTree = "<group>"; };
		43D27F192AE2AD0700A97AE8 /* Video.swift */ = {isa = PBXFileReference; lastKnownFileType = sourcecode.swift; path = Video.swift; sourceTree = "<group>"; };
		43D27F1B2AE2AD0900A97AE8 /* Assets.xcassets */ = {isa = PBXFileReference; lastKnownFileType = folder.assetcatalog; path = Assets.xcassets; sourceTree = "<group>"; };
		43D27F1E2AE2AD0900A97AE8 /* Preview Assets.xcassets */ = {isa = PBXFileReference; lastKnownFileType = folder.assetcatalog; path = "Preview Assets.xcassets"; sourceTree = "<group>"; };
		43D27F262AE2FCF000A97AE8 /* GoogleService-Info.plist */ = {isa = PBXFileReference; fileEncoding = 4; lastKnownFileType = text.plist.xml; name = "GoogleService-Info.plist"; path = "../../../Downloads/GoogleService-Info.plist"; sourceTree = "<group>"; };
		43FF916E2AFC2A610056B64F /* FavouriteVideos+CoreDataClass.swift */ = {isa = PBXFileReference; lastKnownFileType = sourcecode.swift; path = "FavouriteVideos+CoreDataClass.swift"; sourceTree = "<group>"; };
		43FF916F2AFC2A610056B64F /* FavouriteVideos+CoreDataProperties.swift */ = {isa = PBXFileReference; lastKnownFileType = sourcecode.swift; path = "FavouriteVideos+CoreDataProperties.swift"; sourceTree = "<group>"; };
		43FF91722AFC558A0056B64F /* FavouriteOverlayView.swift */ = {isa = PBXFileReference; lastKnownFileType = sourcecode.swift; path = FavouriteOverlayView.swift; sourceTree = "<group>"; };
		43FF91742B0004510056B64F /* CRUDManager.swift */ = {isa = PBXFileReference; lastKnownFileType = sourcecode.swift; path = CRUDManager.swift; sourceTree = "<group>"; };
		43FF91762B0149030056B64F /* VideoCacheManager.swift */ = {isa = PBXFileReference; lastKnownFileType = sourcecode.swift; path = VideoCacheManager.swift; sourceTree = "<group>"; };
		43FF91782B0174F40056B64F /* FileManager+Extension.swift */ = {isa = PBXFileReference; lastKnownFileType = sourcecode.swift; path = "FileManager+Extension.swift"; sourceTree = "<group>"; };
/* End PBXFileReference section */

/* Begin PBXFrameworksBuildPhase section */
		43D27F0F2AE2AD0700A97AE8 /* Frameworks */ = {
			isa = PBXFrameworksBuildPhase;
			buildActionMask = 2147483647;
			files = (
				4317050D2AF47DEC0008F508 /* Kingfisher in Frameworks */,
				43D27F3C2AE2FD4500A97AE8 /* FirebaseDatabase in Frameworks */,
				4387B1442B026F8200B728C7 /* AlertKit in Frameworks */,
				43D27F422AE2FD4500A97AE8 /* FirebaseFirestore in Frameworks */,
				43D27F462AE2FD4500A97AE8 /* FirebaseFirestoreSwift in Frameworks */,
				43D27F3E2AE2FD4500A97AE8 /* FirebaseDatabaseSwift in Frameworks */,
				43D27F5C2AE2FD4600A97AE8 /* FirebaseStorage in Frameworks */,
			);
			runOnlyForDeploymentPostprocessing = 0;
		};
/* End PBXFrameworksBuildPhase section */

/* Begin PBXGroup section */
		4316E35D2AF018EB004296BB /* ViewModel */ = {
			isa = PBXGroup;
			children = (
				4316E35E2AF018F2004296BB /* EditViewModel.swift */,
			);
			path = ViewModel;
			sourceTree = "<group>";
		};
		43571F512AE5161A009CB825 /* EditView */ = {
			isa = PBXGroup;
			children = (
				4316E35D2AF018EB004296BB /* ViewModel */,
				43571F522AE51638009CB825 /* EditView.swift */,
				4370FF422AEAD3170038F609 /* ToolEnum.swift */,
			);
			path = EditView;
			sourceTree = "<group>";
		};
		43571F542AE54C26009CB825 /* LocalDB */ = {
			isa = PBXGroup;
			children = (
				4389DE0A2AFBDFB800FD41DB /* CoreVideo.xcdatamodeld */,
				4389DE112AFBE08C00FD41DB /* FavouriteContainer.swift */,
				43FF916E2AFC2A610056B64F /* FavouriteVideos+CoreDataClass.swift */,
				43FF916F2AFC2A610056B64F /* FavouriteVideos+CoreDataProperties.swift */,
				43FF91742B0004510056B64F /* CRUDManager.swift */,
				43FF91762B0149030056B64F /* VideoCacheManager.swift */,
				43FF91782B0174F40056B64F /* FileManager+Extension.swift */,
			);
			path = LocalDB;
			sourceTree = "<group>";
		};
		43571F632AE6C008009CB825 /* ViewModel */ = {
			isa = PBXGroup;
			children = (
				43571F612AE6C004009CB825 /* ContentViewModel.swift */,
				436F30DC2AE9406B0056CFDD /* SettingsViewModel.swift */,
			);
			path = ViewModel;
			sourceTree = "<group>";
		};
		43571F642AE6C8E4009CB825 /* ViewModel */ = {
			isa = PBXGroup;
			children = (
				4304ECE62AE4A5740000D2FA /* AddViewModel.swift */,
			);
			path = ViewModel;
			sourceTree = "<group>";
		};
		4367714E2AF966D200EC883A /* Mim */ = {
			isa = PBXGroup;
			children = (
				4317050E2AF681D30008F508 /* MimView.swift */,
				4386013D2AF8068E00B54464 /* MimVideoView.swift */,
				4367714B2AF916DF00EC883A /* MimOverlayView.swift */,
				43FF91722AFC558A0056B64F /* FavouriteOverlayView.swift */,
			);
			path = Mim;
			sourceTree = "<group>";
		};
		438200A92AF039B80071B1B0 /* Player */ = {
			isa = PBXGroup;
			children = (
				438200AA2AF039C00071B1B0 /* PlayerView.swift */,
			);
			path = Player;
			sourceTree = "<group>";
		};
		4387B1452B028D4B00B728C7 /* AppError */ = {
			isa = PBXGroup;
			children = (
				4387B1462B028D5200B728C7 /* AppError.swift */,
			);
			path = AppError;
			sourceTree = "<group>";
		};
		4387B1482B02DFE500B728C7 /* ToolView */ = {
			isa = PBXGroup;
			children = (
				4387B1492B02DFF400B728C7 /* TimelineSliderView.swift */,
			);
			path = ToolView;
			sourceTree = "<group>";
		};
		4389359C2AE40BEA00C51516 /* MainView */ = {
			isa = PBXGroup;
			children = (
				4389359D2AE40BF700C51516 /* View */,
				43571F5F2AE58FF2009CB825 /* MainViewModel.swift */,
			);
			path = MainView;
			sourceTree = "<group>";
		};
		4389359D2AE40BF700C51516 /* View */ = {
			isa = PBXGroup;
			children = (
				4389359E2AE40C0200C51516 /* HomeView.swift */,
				438935A02AE40D5000C51516 /* FavouriteView.swift */,
			);
			path = View;
			sourceTree = "<group>";
		};
		438935A22AE41F4A00C51516 /* TabView */ = {
			isa = PBXGroup;
			children = (
				438935A32AE41F5400C51516 /* CustomTabView.swift */,
			);
			path = TabView;
			sourceTree = "<group>";
		};
		438935A52AE4443700C51516 /* Root */ = {
			isa = PBXGroup;
			children = (
				43571F632AE6C008009CB825 /* ViewModel */,
				43D27F172AE2AD0700A97AE8 /* ContentView.swift */,
				4304ECEA2AE4A7280000D2FA /* SettingsView.swift */,
			);
			path = Root;
			sourceTree = "<group>";
		};
		438935A62AE4444400C51516 /* Video */ = {
			isa = PBXGroup;
			children = (
				43D27F192AE2AD0700A97AE8 /* Video.swift */,
			);
			path = Video;
			sourceTree = "<group>";
		};
		438935A72AE4444A00C51516 /* App */ = {
			isa = PBXGroup;
			children = (
				43D27F152AE2AD0700A97AE8 /* MimXApp.swift */,
			);
			path = App;
			sourceTree = "<group>";
		};
		438935A82AE4445B00C51516 /* ContextMenu */ = {
			isa = PBXGroup;
			children = (
				43571F642AE6C8E4009CB825 /* ViewModel */,
				438935A92AE4446D00C51516 /* AddButton.swift */,
				4304ECE32AE4848F0000D2FA /* ContextMenuView.swift */,
			);
			path = ContextMenu;
			sourceTree = "<group>";
		};
		43D27F092AE2AD0700A97AE8 = {
			isa = PBXGroup;
			children = (
				43D27F142AE2AD0700A97AE8 /* MimX */,
				43D27F132AE2AD0700A97AE8 /* Products */,
			);
			sourceTree = "<group>";
		};
		43D27F132AE2AD0700A97AE8 /* Products */ = {
			isa = PBXGroup;
			children = (
				43D27F122AE2AD0700A97AE8 /* MimX.app */,
			);
			name = Products;
			sourceTree = "<group>";
		};
		43D27F142AE2AD0700A97AE8 /* MimX */ = {
			isa = PBXGroup;
			children = (
				4387B1482B02DFE500B728C7 /* ToolView */,
				4387B1452B028D4B00B728C7 /* AppError */,
				4367714E2AF966D200EC883A /* Mim */,
				438200A92AF039B80071B1B0 /* Player */,
				43571F542AE54C26009CB825 /* LocalDB */,
				43571F512AE5161A009CB825 /* EditView */,
				438935A82AE4445B00C51516 /* ContextMenu */,
				438935A72AE4444A00C51516 /* App */,
				438935A62AE4444400C51516 /* Video */,
				438935A52AE4443700C51516 /* Root */,
				438935A22AE41F4A00C51516 /* TabView */,
				4389359C2AE40BEA00C51516 /* MainView */,
				43D27F1B2AE2AD0900A97AE8 /* Assets.xcassets */,
				43D27F262AE2FCF000A97AE8 /* GoogleService-Info.plist */,
				43D27F1D2AE2AD0900A97AE8 /* Preview Content */,
			);
			path = MimX;
			sourceTree = "<group>";
		};
		43D27F1D2AE2AD0900A97AE8 /* Preview Content */ = {
			isa = PBXGroup;
			children = (
				43D27F1E2AE2AD0900A97AE8 /* Preview Assets.xcassets */,
			);
			path = "Preview Content";
			sourceTree = "<group>";
		};
/* End PBXGroup section */

/* Begin PBXNativeTarget section */
		43D27F112AE2AD0700A97AE8 /* MimX */ = {
			isa = PBXNativeTarget;
			buildConfigurationList = 43D27F222AE2AD0900A97AE8 /* Build configuration list for PBXNativeTarget "MimX" */;
			buildPhases = (
				43D27F0E2AE2AD0700A97AE8 /* Sources */,
				43D27F0F2AE2AD0700A97AE8 /* Frameworks */,
				43D27F102AE2AD0700A97AE8 /* Resources */,
			);
			buildRules = (
			);
			dependencies = (
			);
			name = MimX;
			packageProductDependencies = (
				43D27F3B2AE2FD4500A97AE8 /* FirebaseDatabase */,
				43D27F3D2AE2FD4500A97AE8 /* FirebaseDatabaseSwift */,
				43D27F412AE2FD4500A97AE8 /* FirebaseFirestore */,
				43D27F452AE2FD4500A97AE8 /* FirebaseFirestoreSwift */,
				43D27F5B2AE2FD4600A97AE8 /* FirebaseStorage */,
				4317050C2AF47DEC0008F508 /* Kingfisher */,
				4387B1432B026F8200B728C7 /* AlertKit */,
			);
			productName = MimX;
			productReference = 43D27F122AE2AD0700A97AE8 /* MimX.app */;
			productType = "com.apple.product-type.application";
		};
/* End PBXNativeTarget section */

/* Begin PBXProject section */
		43D27F0A2AE2AD0700A97AE8 /* Project object */ = {
			isa = PBXProject;
			attributes = {
				BuildIndependentTargetsInParallel = 1;
				LastSwiftUpdateCheck = 1500;
				LastUpgradeCheck = 1500;
				TargetAttributes = {
					43D27F112AE2AD0700A97AE8 = {
						CreatedOnToolsVersion = 15.0;
					};
				};
			};
			buildConfigurationList = 43D27F0D2AE2AD0700A97AE8 /* Build configuration list for PBXProject "MimX" */;
			compatibilityVersion = "Xcode 14.0";
			developmentRegion = en;
			hasScannedForEncodings = 0;
			knownRegions = (
				en,
				Base,
			);
			mainGroup = 43D27F092AE2AD0700A97AE8;
			packageReferences = (
				43D27F282AE2FD4500A97AE8 /* XCRemoteSwiftPackageReference "firebase-ios-sdk" */,
				4317050B2AF47DEC0008F508 /* XCRemoteSwiftPackageReference "Kingfisher" */,
				4387B1422B026F8200B728C7 /* XCRemoteSwiftPackageReference "AlertKit" */,
			);
			productRefGroup = 43D27F132AE2AD0700A97AE8 /* Products */;
			projectDirPath = "";
			projectRoot = "";
			targets = (
				43D27F112AE2AD0700A97AE8 /* MimX */,
			);
		};
/* End PBXProject section */

/* Begin PBXResourcesBuildPhase section */
		43D27F102AE2AD0700A97AE8 /* Resources */ = {
			isa = PBXResourcesBuildPhase;
			buildActionMask = 2147483647;
			files = (
				43D27F1F2AE2AD0900A97AE8 /* Preview Assets.xcassets in Resources */,
				43D27F1C2AE2AD0900A97AE8 /* Assets.xcassets in Resources */,
				43D27F272AE2FCF000A97AE8 /* GoogleService-Info.plist in Resources */,
			);
			runOnlyForDeploymentPostprocessing = 0;
		};
/* End PBXResourcesBuildPhase section */

/* Begin PBXSourcesBuildPhase section */
		43D27F0E2AE2AD0700A97AE8 /* Sources */ = {
			isa = PBXSourcesBuildPhase;
			buildActionMask = 2147483647;
			files = (
				43FF91702AFC2A610056B64F /* FavouriteVideos+CoreDataClass.swift in Sources */,
				43D27F182AE2AD0700A97AE8 /* ContentView.swift in Sources */,
				438935AA2AE4446D00C51516 /* AddButton.swift in Sources */,
				4367714C2AF916DF00EC883A /* MimOverlayView.swift in Sources */,
				43571F532AE51638009CB825 /* EditView.swift in Sources */,
				43FF91792B0174F40056B64F /* FileManager+Extension.swift in Sources */,
				4316E35F2AF018F2004296BB /* EditViewModel.swift in Sources */,
				4304ECE72AE4A5740000D2FA /* AddViewModel.swift in Sources */,
				436F30DD2AE9406B0056CFDD /* SettingsViewModel.swift in Sources */,
				4389359F2AE40C0200C51516 /* HomeView.swift in Sources */,
				43FF91772B0149030056B64F /* VideoCacheManager.swift in Sources */,
				438935A12AE40D5000C51516 /* FavouriteView.swift in Sources */,
				438200AB2AF039C00071B1B0 /* PlayerView.swift in Sources */,
				43FF91752B0004510056B64F /* CRUDManager.swift in Sources */,
				43571F602AE58FF2009CB825 /* MainViewModel.swift in Sources */,
				43D27F1A2AE2AD0700A97AE8 /* Video.swift in Sources */,
				4304ECE42AE4848F0000D2FA /* ContextMenuView.swift in Sources */,
				43571F622AE6C004009CB825 /* ContentViewModel.swift in Sources */,
				4387B14A2B02DFF400B728C7 /* TimelineSliderView.swift in Sources */,
				43FF91732AFC558A0056B64F /* FavouriteOverlayView.swift in Sources */,
				4386013E2AF8068E00B54464 /* MimVideoView.swift in Sources */,
				4370FF432AEAD3170038F609 /* ToolEnum.swift in Sources */,
				4389DE0C2AFBDFB800FD41DB /* CoreVideo.xcdatamodeld in Sources */,
				4389DE122AFBE08C00FD41DB /* FavouriteContainer.swift in Sources */,
				438935A42AE41F5400C51516 /* CustomTabView.swift in Sources */,
				43D27F162AE2AD0700A97AE8 /* MimXApp.swift in Sources */,
				43FF91712AFC2A610056B64F /* FavouriteVideos+CoreDataProperties.swift in Sources */,
				4317050F2AF681D30008F508 /* MimView.swift in Sources */,
				4387B1472B028D5200B728C7 /* AppError.swift in Sources */,
				4304ECEB2AE4A7280000D2FA /* SettingsView.swift in Sources */,
			);
			runOnlyForDeploymentPostprocessing = 0;
		};
/* End PBXSourcesBuildPhase section */

/* Begin XCBuildConfiguration section */
		43D27F202AE2AD0900A97AE8 /* Debug */ = {
			isa = XCBuildConfiguration;
			buildSettings = {
				ALWAYS_SEARCH_USER_PATHS = NO;
				ASSETCATALOG_COMPILER_GENERATE_SWIFT_ASSET_SYMBOL_EXTENSIONS = YES;
				CLANG_ANALYZER_NONNULL = YES;
				CLANG_ANALYZER_NUMBER_OBJECT_CONVERSION = YES_AGGRESSIVE;
				CLANG_CXX_LANGUAGE_STANDARD = "gnu++20";
				CLANG_ENABLE_MODULES = YES;
				CLANG_ENABLE_OBJC_ARC = YES;
				CLANG_ENABLE_OBJC_WEAK = YES;
				CLANG_WARN_BLOCK_CAPTURE_AUTORELEASING = YES;
				CLANG_WARN_BOOL_CONVERSION = YES;
				CLANG_WARN_COMMA = YES;
				CLANG_WARN_CONSTANT_CONVERSION = YES;
				CLANG_WARN_DEPRECATED_OBJC_IMPLEMENTATIONS = YES;
				CLANG_WARN_DIRECT_OBJC_ISA_USAGE = YES_ERROR;
				CLANG_WARN_DOCUMENTATION_COMMENTS = YES;
				CLANG_WARN_EMPTY_BODY = YES;
				CLANG_WARN_ENUM_CONVERSION = YES;
				CLANG_WARN_INFINITE_RECURSION = YES;
				CLANG_WARN_INT_CONVERSION = YES;
				CLANG_WARN_NON_LITERAL_NULL_CONVERSION = YES;
				CLANG_WARN_OBJC_IMPLICIT_RETAIN_SELF = YES;
				CLANG_WARN_OBJC_LITERAL_CONVERSION = YES;
				CLANG_WARN_OBJC_ROOT_CLASS = YES_ERROR;
				CLANG_WARN_QUOTED_INCLUDE_IN_FRAMEWORK_HEADER = YES;
				CLANG_WARN_RANGE_LOOP_ANALYSIS = YES;
				CLANG_WARN_STRICT_PROTOTYPES = YES;
				CLANG_WARN_SUSPICIOUS_MOVE = YES;
				CLANG_WARN_UNGUARDED_AVAILABILITY = YES_AGGRESSIVE;
				CLANG_WARN_UNREACHABLE_CODE = YES;
				CLANG_WARN__DUPLICATE_METHOD_MATCH = YES;
				COPY_PHASE_STRIP = NO;
				DEBUG_INFORMATION_FORMAT = dwarf;
				ENABLE_STRICT_OBJC_MSGSEND = YES;
				ENABLE_TESTABILITY = YES;
				ENABLE_USER_SCRIPT_SANDBOXING = YES;
				GCC_C_LANGUAGE_STANDARD = gnu17;
				GCC_DYNAMIC_NO_PIC = NO;
				GCC_NO_COMMON_BLOCKS = YES;
				GCC_OPTIMIZATION_LEVEL = 0;
				GCC_PREPROCESSOR_DEFINITIONS = (
					"DEBUG=1",
					"$(inherited)",
				);
				GCC_WARN_64_TO_32_BIT_CONVERSION = YES;
				GCC_WARN_ABOUT_RETURN_TYPE = YES_ERROR;
				GCC_WARN_UNDECLARED_SELECTOR = YES;
				GCC_WARN_UNINITIALIZED_AUTOS = YES_AGGRESSIVE;
				GCC_WARN_UNUSED_FUNCTION = YES;
				GCC_WARN_UNUSED_VARIABLE = YES;
				IPHONEOS_DEPLOYMENT_TARGET = 17.0;
				LOCALIZATION_PREFERS_STRING_CATALOGS = YES;
				MTL_ENABLE_DEBUG_INFO = INCLUDE_SOURCE;
				MTL_FAST_MATH = YES;
				ONLY_ACTIVE_ARCH = YES;
				SDKROOT = iphoneos;
				SWIFT_ACTIVE_COMPILATION_CONDITIONS = "DEBUG $(inherited)";
				SWIFT_OPTIMIZATION_LEVEL = "-Onone";
			};
			name = Debug;
		};
		43D27F212AE2AD0900A97AE8 /* Release */ = {
			isa = XCBuildConfiguration;
			buildSettings = {
				ALWAYS_SEARCH_USER_PATHS = NO;
				ASSETCATALOG_COMPILER_GENERATE_SWIFT_ASSET_SYMBOL_EXTENSIONS = YES;
				CLANG_ANALYZER_NONNULL = YES;
				CLANG_ANALYZER_NUMBER_OBJECT_CONVERSION = YES_AGGRESSIVE;
				CLANG_CXX_LANGUAGE_STANDARD = "gnu++20";
				CLANG_ENABLE_MODULES = YES;
				CLANG_ENABLE_OBJC_ARC = YES;
				CLANG_ENABLE_OBJC_WEAK = YES;
				CLANG_WARN_BLOCK_CAPTURE_AUTORELEASING = YES;
				CLANG_WARN_BOOL_CONVERSION = YES;
				CLANG_WARN_COMMA = YES;
				CLANG_WARN_CONSTANT_CONVERSION = YES;
				CLANG_WARN_DEPRECATED_OBJC_IMPLEMENTATIONS = YES;
				CLANG_WARN_DIRECT_OBJC_ISA_USAGE = YES_ERROR;
				CLANG_WARN_DOCUMENTATION_COMMENTS = YES;
				CLANG_WARN_EMPTY_BODY = YES;
				CLANG_WARN_ENUM_CONVERSION = YES;
				CLANG_WARN_INFINITE_RECURSION = YES;
				CLANG_WARN_INT_CONVERSION = YES;
				CLANG_WARN_NON_LITERAL_NULL_CONVERSION = YES;
				CLANG_WARN_OBJC_IMPLICIT_RETAIN_SELF = YES;
				CLANG_WARN_OBJC_LITERAL_CONVERSION = YES;
				CLANG_WARN_OBJC_ROOT_CLASS = YES_ERROR;
				CLANG_WARN_QUOTED_INCLUDE_IN_FRAMEWORK_HEADER = YES;
				CLANG_WARN_RANGE_LOOP_ANALYSIS = YES;
				CLANG_WARN_STRICT_PROTOTYPES = YES;
				CLANG_WARN_SUSPICIOUS_MOVE = YES;
				CLANG_WARN_UNGUARDED_AVAILABILITY = YES_AGGRESSIVE;
				CLANG_WARN_UNREACHABLE_CODE = YES;
				CLANG_WARN__DUPLICATE_METHOD_MATCH = YES;
				COPY_PHASE_STRIP = NO;
				DEBUG_INFORMATION_FORMAT = "dwarf-with-dsym";
				ENABLE_NS_ASSERTIONS = NO;
				ENABLE_STRICT_OBJC_MSGSEND = YES;
				ENABLE_USER_SCRIPT_SANDBOXING = YES;
				GCC_C_LANGUAGE_STANDARD = gnu17;
				GCC_NO_COMMON_BLOCKS = YES;
				GCC_WARN_64_TO_32_BIT_CONVERSION = YES;
				GCC_WARN_ABOUT_RETURN_TYPE = YES_ERROR;
				GCC_WARN_UNDECLARED_SELECTOR = YES;
				GCC_WARN_UNINITIALIZED_AUTOS = YES_AGGRESSIVE;
				GCC_WARN_UNUSED_FUNCTION = YES;
				GCC_WARN_UNUSED_VARIABLE = YES;
				IPHONEOS_DEPLOYMENT_TARGET = 17.0;
				LOCALIZATION_PREFERS_STRING_CATALOGS = YES;
				MTL_ENABLE_DEBUG_INFO = NO;
				MTL_FAST_MATH = YES;
				SDKROOT = iphoneos;
				SWIFT_COMPILATION_MODE = wholemodule;
				VALIDATE_PRODUCT = YES;
			};
			name = Release;
		};
		43D27F232AE2AD0900A97AE8 /* Debug */ = {
			isa = XCBuildConfiguration;
			buildSettings = {
				ASSETCATALOG_COMPILER_APPICON_NAME = AppIcon;
				ASSETCATALOG_COMPILER_GLOBAL_ACCENT_COLOR_NAME = AccentColor;
				CODE_SIGN_STYLE = Automatic;
				CURRENT_PROJECT_VERSION = 1;
				DEVELOPMENT_ASSET_PATHS = "\"MimX/Preview Content\"";
				DEVELOPMENT_TEAM = RTTHP39GK8;
				ENABLE_PREVIEWS = YES;
				GENERATE_INFOPLIST_FILE = YES;
				INFOPLIST_KEY_UIApplicationSceneManifest_Generation = YES;
				INFOPLIST_KEY_UIApplicationSupportsIndirectInputEvents = YES;
				INFOPLIST_KEY_UILaunchScreen_Generation = YES;
				INFOPLIST_KEY_UISupportedInterfaceOrientations_iPad = "UIInterfaceOrientationPortrait UIInterfaceOrientationPortraitUpsideDown UIInterfaceOrientationLandscapeLeft UIInterfaceOrientationLandscapeRight";
				INFOPLIST_KEY_UISupportedInterfaceOrientations_iPhone = "UIInterfaceOrientationPortrait UIInterfaceOrientationLandscapeLeft UIInterfaceOrientationLandscapeRight";
				IPHONEOS_DEPLOYMENT_TARGET = 16.0;
				LD_RUNPATH_SEARCH_PATHS = (
					"$(inherited)",
					"@executable_path/Frameworks",
				);
				MARKETING_VERSION = 1.0;
				PRODUCT_BUNDLE_IDENTIFIER = FG.MimX;
				PRODUCT_NAME = "$(TARGET_NAME)";
				SWIFT_EMIT_LOC_STRINGS = YES;
				SWIFT_VERSION = 5.0;
				TARGETED_DEVICE_FAMILY = "1,2";
			};
			name = Debug;
		};
		43D27F242AE2AD0900A97AE8 /* Release */ = {
			isa = XCBuildConfiguration;
			buildSettings = {
				ASSETCATALOG_COMPILER_APPICON_NAME = AppIcon;
				ASSETCATALOG_COMPILER_GLOBAL_ACCENT_COLOR_NAME = AccentColor;
				CODE_SIGN_STYLE = Automatic;
				CURRENT_PROJECT_VERSION = 1;
				DEVELOPMENT_ASSET_PATHS = "\"MimX/Preview Content\"";
				DEVELOPMENT_TEAM = RTTHP39GK8;
				ENABLE_PREVIEWS = YES;
				GENERATE_INFOPLIST_FILE = YES;
				INFOPLIST_KEY_UIApplicationSceneManifest_Generation = YES;
				INFOPLIST_KEY_UIApplicationSupportsIndirectInputEvents = YES;
				INFOPLIST_KEY_UILaunchScreen_Generation = YES;
				INFOPLIST_KEY_UISupportedInterfaceOrientations_iPad = "UIInterfaceOrientationPortrait UIInterfaceOrientationPortraitUpsideDown UIInterfaceOrientationLandscapeLeft UIInterfaceOrientationLandscapeRight";
				INFOPLIST_KEY_UISupportedInterfaceOrientations_iPhone = "UIInterfaceOrientationPortrait UIInterfaceOrientationLandscapeLeft UIInterfaceOrientationLandscapeRight";
				IPHONEOS_DEPLOYMENT_TARGET = 16.0;
				LD_RUNPATH_SEARCH_PATHS = (
					"$(inherited)",
					"@executable_path/Frameworks",
				);
				MARKETING_VERSION = 1.0;
				PRODUCT_BUNDLE_IDENTIFIER = FG.MimX;
				PRODUCT_NAME = "$(TARGET_NAME)";
				SWIFT_EMIT_LOC_STRINGS = YES;
				SWIFT_VERSION = 5.0;
				TARGETED_DEVICE_FAMILY = "1,2";
			};
			name = Release;
		};
/* End XCBuildConfiguration section */

/* Begin XCConfigurationList section */
		43D27F0D2AE2AD0700A97AE8 /* Build configuration list for PBXProject "MimX" */ = {
			isa = XCConfigurationList;
			buildConfigurations = (
				43D27F202AE2AD0900A97AE8 /* Debug */,
				43D27F212AE2AD0900A97AE8 /* Release */,
			);
			defaultConfigurationIsVisible = 0;
			defaultConfigurationName = Release;
		};
		43D27F222AE2AD0900A97AE8 /* Build configuration list for PBXNativeTarget "MimX" */ = {
			isa = XCConfigurationList;
			buildConfigurations = (
				43D27F232AE2AD0900A97AE8 /* Debug */,
				43D27F242AE2AD0900A97AE8 /* Release */,
			);
			defaultConfigurationIsVisible = 0;
			defaultConfigurationName = Release;
		};
/* End XCConfigurationList section */

/* Begin XCRemoteSwiftPackageReference section */
		4317050B2AF47DEC0008F508 /* XCRemoteSwiftPackageReference "Kingfisher" */ = {
			isa = XCRemoteSwiftPackageReference;
			repositoryURL = "https://github.com/onevcat/Kingfisher";
			requirement = {
				kind = upToNextMajorVersion;
				minimumVersion = 7.10.0;
			};
		};
		4387B1422B026F8200B728C7 /* XCRemoteSwiftPackageReference "AlertKit" */ = {
			isa = XCRemoteSwiftPackageReference;
			repositoryURL = "https://github.com/sparrowcode/AlertKit";
			requirement = {
				kind = upToNextMajorVersion;
				minimumVersion = 5.1.8;
			};
		};
		43D27F282AE2FD4500A97AE8 /* XCRemoteSwiftPackageReference "firebase-ios-sdk" */ = {
			isa = XCRemoteSwiftPackageReference;
			repositoryURL = "https://github.com/firebase/firebase-ios-sdk";
			requirement = {
				kind = upToNextMajorVersion;
				minimumVersion = 10.16.0;
			};
		};
/* End XCRemoteSwiftPackageReference section */

/* Begin XCSwiftPackageProductDependency section */
		4317050C2AF47DEC0008F508 /* Kingfisher */ = {
			isa = XCSwiftPackageProductDependency;
			package = 4317050B2AF47DEC0008F508 /* XCRemoteSwiftPackageReference "Kingfisher" */;
			productName = Kingfisher;
		};
		4387B1432B026F8200B728C7 /* AlertKit */ = {
			isa = XCSwiftPackageProductDependency;
			package = 4387B1422B026F8200B728C7 /* XCRemoteSwiftPackageReference "AlertKit" */;
			productName = AlertKit;
		};
		43D27F3B2AE2FD4500A97AE8 /* FirebaseDatabase */ = {
			isa = XCSwiftPackageProductDependency;
			package = 43D27F282AE2FD4500A97AE8 /* XCRemoteSwiftPackageReference "firebase-ios-sdk" */;
			productName = FirebaseDatabase;
		};
		43D27F3D2AE2FD4500A97AE8 /* FirebaseDatabaseSwift */ = {
			isa = XCSwiftPackageProductDependency;
			package = 43D27F282AE2FD4500A97AE8 /* XCRemoteSwiftPackageReference "firebase-ios-sdk" */;
			productName = FirebaseDatabaseSwift;
		};
		43D27F412AE2FD4500A97AE8 /* FirebaseFirestore */ = {
			isa = XCSwiftPackageProductDependency;
			package = 43D27F282AE2FD4500A97AE8 /* XCRemoteSwiftPackageReference "firebase-ios-sdk" */;
			productName = FirebaseFirestore;
		};
		43D27F452AE2FD4500A97AE8 /* FirebaseFirestoreSwift */ = {
			isa = XCSwiftPackageProductDependency;
			package = 43D27F282AE2FD4500A97AE8 /* XCRemoteSwiftPackageReference "firebase-ios-sdk" */;
			productName = FirebaseFirestoreSwift;
		};
		43D27F5B2AE2FD4600A97AE8 /* FirebaseStorage */ = {
			isa = XCSwiftPackageProductDependency;
			package = 43D27F282AE2FD4500A97AE8 /* XCRemoteSwiftPackageReference "firebase-ios-sdk" */;
			productName = FirebaseStorage;
		};
/* End XCSwiftPackageProductDependency section */

/* Begin XCVersionGroup section */
		4389DE0A2AFBDFB800FD41DB /* CoreVideo.xcdatamodeld */ = {
			isa = XCVersionGroup;
			children = (
				4389DE0B2AFBDFB800FD41DB /* LocalDB.xcdatamodel */,
			);
			currentVersion = 4389DE0B2AFBDFB800FD41DB /* LocalDB.xcdatamodel */;
			path = CoreVideo.xcdatamodeld;
			sourceTree = "<group>";
			versionGroupType = wrapper.xcdatamodel;
		};
/* End XCVersionGroup section */
	};
	rootObject = 43D27F0A2AE2AD0700A97AE8 /* Project object */;
}
